// !$*UTF8*$!
{
	archiveVersion = 1;
	classes = {
	};
	objectVersion = 56;
	objects = {

/* Begin PBXBuildFile section */
		17EA634B2C1CA86300F181E6 /* swiftUIApiApp.swift in Sources */ = {isa = PBXBuildFile; fileRef = 17EA634A2C1CA86300F181E6 /* swiftUIApiApp.swift */; };
		17EA634D2C1CA86300F181E6 /* ContentView.swift in Sources */ = {isa = PBXBuildFile; fileRef = 17EA634C2C1CA86300F181E6 /* ContentView.swift */; };
		17EA634F2C1CA86500F181E6 /* Assets.xcassets in Resources */ = {isa = PBXBuildFile; fileRef = 17EA634E2C1CA86500F181E6 /* Assets.xcassets */; };
		17EA63522C1CA86500F181E6 /* Preview Assets.xcassets in Resources */ = {isa = PBXBuildFile; fileRef = 17EA63512C1CA86500F181E6 /* Preview Assets.xcassets */; };
		17EA635A2C1CA8EA00F181E6 /* NetworkErrors.swift in Sources */ = {isa = PBXBuildFile; fileRef = 17EA63592C1CA8EA00F181E6 /* NetworkErrors.swift */; };
		17EA635D2C1CA92000F181E6 /* ApiService.swift in Sources */ = {isa = PBXBuildFile; fileRef = 17EA635C2C1CA92000F181E6 /* ApiService.swift */; };
		17EA63602C1CAC0500F181E6 /* PostModel.swift in Sources */ = {isa = PBXBuildFile; fileRef = 17EA635F2C1CAC0500F181E6 /* PostModel.swift */; };
		17EA63632C1CAD1F00F181E6 /* PostViewModel.swift in Sources */ = {isa = PBXBuildFile; fileRef = 17EA63622C1CAD1F00F181E6 /* PostViewModel.swift */; };
		17EA63AE2C1CBC9700F181E6 /* swiftUIApiTests.swift in Sources */ = {isa = PBXBuildFile; fileRef = 17EA63AD2C1CBC9700F181E6 /* swiftUIApiTests.swift */; };
		17EA63B02C1CBC9700F181E6 /* swiftUIApiTestsLaunchTests.swift in Sources */ = {isa = PBXBuildFile; fileRef = 17EA63AF2C1CBC9700F181E6 /* swiftUIApiTestsLaunchTests.swift */; };
		17EA63BD2C1CBCAE00F181E6 /* swiftUIApiUnitTests.swift in Sources */ = {isa = PBXBuildFile; fileRef = 17EA63BC2C1CBCAE00F181E6 /* swiftUIApiUnitTests.swift */; };
		17EA63C52C1CBEA700F181E6 /* ApiServiceProtocol.swift in Sources */ = {isa = PBXBuildFile; fileRef = 17EA63C32C1CBE5B00F181E6 /* ApiServiceProtocol.swift */; };
		17EA63C82C1CBF3900F181E6 /* MockApiService.swift in Sources */ = {isa = PBXBuildFile; fileRef = 17EA63C72C1CBF3900F181E6 /* MockApiService.swift */; };
		17EA63C92C1CBF5900F181E6 /* ApiServiceProtocol.swift in Sources */ = {isa = PBXBuildFile; fileRef = 17EA63C32C1CBE5B00F181E6 /* ApiServiceProtocol.swift */; };
		17EA63CB2C1CBFFB00F181E6 /* PostModel.swift in Sources */ = {isa = PBXBuildFile; fileRef = 17EA635F2C1CAC0500F181E6 /* PostModel.swift */; };
		17EA63CC2C1CC05300F181E6 /* PostViewModel.swift in Sources */ = {isa = PBXBuildFile; fileRef = 17EA63622C1CAD1F00F181E6 /* PostViewModel.swift */; };
		17EA63CE2C1CC22A00F181E6 /* PostViewModelTests.swift in Sources */ = {isa = PBXBuildFile; fileRef = 17EA63CD2C1CC22A00F181E6 /* PostViewModelTests.swift */; };
		3BB1246D43E25A1EAB08768A /* Pods_swiftUIApi.framework in Frameworks */ = {isa = PBXBuildFile; fileRef = 185ED0D5E66E380629C62A9A /* Pods_swiftUIApi.framework */; };
		54BD999788BA0B5CC40F5390 /* Pods_swiftUIApiUnitTests.framework in Frameworks */ = {isa = PBXBuildFile; fileRef = 7037A3FB1D31E97E3E5A7AEF /* Pods_swiftUIApiUnitTests.framework */; };
		B0CC097B6D41CE9B496D4709 /* Pods_swiftUIApi_swiftUIApiTests.framework in Frameworks */ = {isa = PBXBuildFile; fileRef = 81F7314F173F33423BA0D8A4 /* Pods_swiftUIApi_swiftUIApiTests.framework */; };
		F68AAE092C1D054E002DDAD2 /* ApiService.swift in Sources */ = {isa = PBXBuildFile; fileRef = 17EA635C2C1CA92000F181E6 /* ApiService.swift */; };
		F68AAE0A2C1D0569002DDAD2 /* NetworkErrors.swift in Sources */ = {isa = PBXBuildFile; fileRef = 17EA63592C1CA8EA00F181E6 /* NetworkErrors.swift */; };
/* End PBXBuildFile section */

/* Begin PBXContainerItemProxy section */
		17EA63B12C1CBC9700F181E6 /* PBXContainerItemProxy */ = {
			isa = PBXContainerItemProxy;
			containerPortal = 17EA633F2C1CA86300F181E6 /* Project object */;
			proxyType = 1;
			remoteGlobalIDString = 17EA63462C1CA86300F181E6;
			remoteInfo = swiftUIApi;
		};
		17EA63BE2C1CBCAE00F181E6 /* PBXContainerItemProxy */ = {
			isa = PBXContainerItemProxy;
			containerPortal = 17EA633F2C1CA86300F181E6 /* Project object */;
			proxyType = 1;
			remoteGlobalIDString = 17EA63462C1CA86300F181E6;
			remoteInfo = swiftUIApi;
		};
/* End PBXContainerItemProxy section */

/* Begin PBXFileReference section */
		02D1D2B465EF2C15DC858A2C /* Pods-swiftUIApiUnitTests.debug.xcconfig */ = {isa = PBXFileReference; includeInIndex = 1; lastKnownFileType = text.xcconfig; name = "Pods-swiftUIApiUnitTests.debug.xcconfig"; path = "Target Support Files/Pods-swiftUIApiUnitTests/Pods-swiftUIApiUnitTests.debug.xcconfig"; sourceTree = "<group>"; };
		17EA63472C1CA86300F181E6 /* swiftUIApi.app */ = {isa = PBXFileReference; explicitFileType = wrapper.application; includeInIndex = 0; path = swiftUIApi.app; sourceTree = BUILT_PRODUCTS_DIR; };
		17EA634A2C1CA86300F181E6 /* swiftUIApiApp.swift */ = {isa = PBXFileReference; lastKnownFileType = sourcecode.swift; path = swiftUIApiApp.swift; sourceTree = "<group>"; };
		17EA634C2C1CA86300F181E6 /* ContentView.swift */ = {isa = PBXFileReference; lastKnownFileType = sourcecode.swift; path = ContentView.swift; sourceTree = "<group>"; };
		17EA634E2C1CA86500F181E6 /* Assets.xcassets */ = {isa = PBXFileReference; lastKnownFileType = folder.assetcatalog; path = Assets.xcassets; sourceTree = "<group>"; };
		17EA63512C1CA86500F181E6 /* Preview Assets.xcassets */ = {isa = PBXFileReference; lastKnownFileType = folder.assetcatalog; path = "Preview Assets.xcassets"; sourceTree = "<group>"; };
		17EA63592C1CA8EA00F181E6 /* NetworkErrors.swift */ = {isa = PBXFileReference; lastKnownFileType = sourcecode.swift; path = NetworkErrors.swift; sourceTree = "<group>"; };
		17EA635C2C1CA92000F181E6 /* ApiService.swift */ = {isa = PBXFileReference; lastKnownFileType = sourcecode.swift; path = ApiService.swift; sourceTree = "<group>"; };
		17EA635F2C1CAC0500F181E6 /* PostModel.swift */ = {isa = PBXFileReference; lastKnownFileType = sourcecode.swift; path = PostModel.swift; sourceTree = "<group>"; };
		17EA63622C1CAD1F00F181E6 /* PostViewModel.swift */ = {isa = PBXFileReference; lastKnownFileType = sourcecode.swift; path = PostViewModel.swift; sourceTree = "<group>"; };
		17EA63AB2C1CBC9600F181E6 /* swiftUIApiTests.xctest */ = {isa = PBXFileReference; explicitFileType = wrapper.cfbundle; includeInIndex = 0; path = swiftUIApiTests.xctest; sourceTree = BUILT_PRODUCTS_DIR; };
		17EA63AD2C1CBC9700F181E6 /* swiftUIApiTests.swift */ = {isa = PBXFileReference; lastKnownFileType = sourcecode.swift; path = swiftUIApiTests.swift; sourceTree = "<group>"; };
		17EA63AF2C1CBC9700F181E6 /* swiftUIApiTestsLaunchTests.swift */ = {isa = PBXFileReference; lastKnownFileType = sourcecode.swift; path = swiftUIApiTestsLaunchTests.swift; sourceTree = "<group>"; };
		17EA63BA2C1CBCAE00F181E6 /* swiftUIApiUnitTests.xctest */ = {isa = PBXFileReference; explicitFileType = wrapper.cfbundle; includeInIndex = 0; path = swiftUIApiUnitTests.xctest; sourceTree = BUILT_PRODUCTS_DIR; };
		17EA63BC2C1CBCAE00F181E6 /* swiftUIApiUnitTests.swift */ = {isa = PBXFileReference; lastKnownFileType = sourcecode.swift; path = swiftUIApiUnitTests.swift; sourceTree = "<group>"; };
		17EA63C32C1CBE5B00F181E6 /* ApiServiceProtocol.swift */ = {isa = PBXFileReference; lastKnownFileType = sourcecode.swift; path = ApiServiceProtocol.swift; sourceTree = "<group>"; };
		17EA63C72C1CBF3900F181E6 /* MockApiService.swift */ = {isa = PBXFileReference; lastKnownFileType = sourcecode.swift; path = MockApiService.swift; sourceTree = "<group>"; };
		17EA63CD2C1CC22A00F181E6 /* PostViewModelTests.swift */ = {isa = PBXFileReference; lastKnownFileType = sourcecode.swift; path = PostViewModelTests.swift; sourceTree = "<group>"; };
		185ED0D5E66E380629C62A9A /* Pods_swiftUIApi.framework */ = {isa = PBXFileReference; explicitFileType = wrapper.framework; includeInIndex = 0; path = Pods_swiftUIApi.framework; sourceTree = BUILT_PRODUCTS_DIR; };
		568DD04CEE4B3D056975AB27 /* Pods-swiftUIApi.debug.xcconfig */ = {isa = PBXFileReference; includeInIndex = 1; lastKnownFileType = text.xcconfig; name = "Pods-swiftUIApi.debug.xcconfig"; path = "Target Support Files/Pods-swiftUIApi/Pods-swiftUIApi.debug.xcconfig"; sourceTree = "<group>"; };
		6F884DA23AEAD78251E1F357 /* Pods-swiftUIApi.release.xcconfig */ = {isa = PBXFileReference; includeInIndex = 1; lastKnownFileType = text.xcconfig; name = "Pods-swiftUIApi.release.xcconfig"; path = "Target Support Files/Pods-swiftUIApi/Pods-swiftUIApi.release.xcconfig"; sourceTree = "<group>"; };
		7037A3FB1D31E97E3E5A7AEF /* Pods_swiftUIApiUnitTests.framework */ = {isa = PBXFileReference; explicitFileType = wrapper.framework; includeInIndex = 0; path = Pods_swiftUIApiUnitTests.framework; sourceTree = BUILT_PRODUCTS_DIR; };
		81F7314F173F33423BA0D8A4 /* Pods_swiftUIApi_swiftUIApiTests.framework */ = {isa = PBXFileReference; explicitFileType = wrapper.framework; includeInIndex = 0; path = Pods_swiftUIApi_swiftUIApiTests.framework; sourceTree = BUILT_PRODUCTS_DIR; };
		AF657004F617DA4641DB263D /* Pods-swiftUIApiUnitTests.release.xcconfig */ = {isa = PBXFileReference; includeInIndex = 1; lastKnownFileType = text.xcconfig; name = "Pods-swiftUIApiUnitTests.release.xcconfig"; path = "Target Support Files/Pods-swiftUIApiUnitTests/Pods-swiftUIApiUnitTests.release.xcconfig"; sourceTree = "<group>"; };
		DA41D1DCD9859F4937556D06 /* Pods-swiftUIApi-swiftUIApiTests.debug.xcconfig */ = {isa = PBXFileReference; includeInIndex = 1; lastKnownFileType = text.xcconfig; name = "Pods-swiftUIApi-swiftUIApiTests.debug.xcconfig"; path = "Target Support Files/Pods-swiftUIApi-swiftUIApiTests/Pods-swiftUIApi-swiftUIApiTests.debug.xcconfig"; sourceTree = "<group>"; };
		F37CDC7D5FD0F84E2BD9FBEB /* Pods-swiftUIApi-swiftUIApiTests.release.xcconfig */ = {isa = PBXFileReference; includeInIndex = 1; lastKnownFileType = text.xcconfig; name = "Pods-swiftUIApi-swiftUIApiTests.release.xcconfig"; path = "Target Support Files/Pods-swiftUIApi-swiftUIApiTests/Pods-swiftUIApi-swiftUIApiTests.release.xcconfig"; sourceTree = "<group>"; };
/* End PBXFileReference section */

/* Begin PBXFrameworksBuildPhase section */
		17EA63442C1CA86300F181E6 /* Frameworks */ = {
			isa = PBXFrameworksBuildPhase;
			buildActionMask = 2147483647;
			files = (
				3BB1246D43E25A1EAB08768A /* Pods_swiftUIApi.framework in Frameworks */,
			);
			runOnlyForDeploymentPostprocessing = 0;
		};
		17EA63A82C1CBC9600F181E6 /* Frameworks */ = {
			isa = PBXFrameworksBuildPhase;
			buildActionMask = 2147483647;
			files = (
				B0CC097B6D41CE9B496D4709 /* Pods_swiftUIApi_swiftUIApiTests.framework in Frameworks */,
			);
			runOnlyForDeploymentPostprocessing = 0;
		};
		17EA63B72C1CBCAE00F181E6 /* Frameworks */ = {
			isa = PBXFrameworksBuildPhase;
			buildActionMask = 2147483647;
			files = (
				54BD999788BA0B5CC40F5390 /* Pods_swiftUIApiUnitTests.framework in Frameworks */,
			);
			runOnlyForDeploymentPostprocessing = 0;
		};
/* End PBXFrameworksBuildPhase section */

/* Begin PBXGroup section */
		17EA633E2C1CA86300F181E6 = {
			isa = PBXGroup;
			children = (
				17EA63492C1CA86300F181E6 /* swiftUIApi */,
				17EA63AC2C1CBC9700F181E6 /* swiftUIApiTests */,
				17EA63BB2C1CBCAE00F181E6 /* swiftUIApiUnitTests */,
				17EA63482C1CA86300F181E6 /* Products */,
				94C075266B850C3040CCD560 /* Pods */,
				4E8B82CD0FE8E9F8F18B4592 /* Frameworks */,
			);
			sourceTree = "<group>";
		};
		17EA63482C1CA86300F181E6 /* Products */ = {
			isa = PBXGroup;
			children = (
				17EA63472C1CA86300F181E6 /* swiftUIApi.app */,
				17EA63AB2C1CBC9600F181E6 /* swiftUIApiTests.xctest */,
				17EA63BA2C1CBCAE00F181E6 /* swiftUIApiUnitTests.xctest */,
			);
			name = Products;
			sourceTree = "<group>";
		};
		17EA63492C1CA86300F181E6 /* swiftUIApi */ = {
			isa = PBXGroup;
			children = (
				17EA63612C1CAD0B00F181E6 /* viewModel */,
				17EA635E2C1CABF400F181E6 /* models */,
				17EA63582C1CA8BF00F181E6 /* core */,
				17EA634A2C1CA86300F181E6 /* swiftUIApiApp.swift */,
				17EA634C2C1CA86300F181E6 /* ContentView.swift */,
				17EA634E2C1CA86500F181E6 /* Assets.xcassets */,
				17EA63502C1CA86500F181E6 /* Preview Content */,
			);
			path = swiftUIApi;
			sourceTree = "<group>";
		};
		17EA63502C1CA86500F181E6 /* Preview Content */ = {
			isa = PBXGroup;
			children = (
				17EA63512C1CA86500F181E6 /* Preview Assets.xcassets */,
			);
			path = "Preview Content";
			sourceTree = "<group>";
		};
		17EA63582C1CA8BF00F181E6 /* core */ = {
			isa = PBXGroup;
			children = (
				17EA635B2C1CA90700F181E6 /* network */,
			);
			path = core;
			sourceTree = "<group>";
		};
		17EA635B2C1CA90700F181E6 /* network */ = {
			isa = PBXGroup;
			children = (
				17EA63C32C1CBE5B00F181E6 /* ApiServiceProtocol.swift */,
				17EA63592C1CA8EA00F181E6 /* NetworkErrors.swift */,
				17EA635C2C1CA92000F181E6 /* ApiService.swift */,
			);
			path = network;
			sourceTree = "<group>";
		};
		17EA635E2C1CABF400F181E6 /* models */ = {
			isa = PBXGroup;
			children = (
				17EA635F2C1CAC0500F181E6 /* PostModel.swift */,
			);
			path = models;
			sourceTree = "<group>";
		};
		17EA63612C1CAD0B00F181E6 /* viewModel */ = {
			isa = PBXGroup;
			children = (
				17EA63622C1CAD1F00F181E6 /* PostViewModel.swift */,
			);
			path = viewModel;
			sourceTree = "<group>";
		};
		17EA63AC2C1CBC9700F181E6 /* swiftUIApiTests */ = {
			isa = PBXGroup;
			children = (
				17EA63AD2C1CBC9700F181E6 /* swiftUIApiTests.swift */,
				17EA63AF2C1CBC9700F181E6 /* swiftUIApiTestsLaunchTests.swift */,
			);
			path = swiftUIApiTests;
			sourceTree = "<group>";
		};
		17EA63BB2C1CBCAE00F181E6 /* swiftUIApiUnitTests */ = {
			isa = PBXGroup;
			children = (
				17EA63C62C1CBF2A00F181E6 /* mocks */,
				17EA63BC2C1CBCAE00F181E6 /* swiftUIApiUnitTests.swift */,
				17EA63CD2C1CC22A00F181E6 /* PostViewModelTests.swift */,
			);
			path = swiftUIApiUnitTests;
			sourceTree = "<group>";
		};
		17EA63C62C1CBF2A00F181E6 /* mocks */ = {
			isa = PBXGroup;
			children = (
				17EA63C72C1CBF3900F181E6 /* MockApiService.swift */,
			);
			path = mocks;
			sourceTree = "<group>";
		};
		4E8B82CD0FE8E9F8F18B4592 /* Frameworks */ = {
			isa = PBXGroup;
			children = (
				185ED0D5E66E380629C62A9A /* Pods_swiftUIApi.framework */,
				81F7314F173F33423BA0D8A4 /* Pods_swiftUIApi_swiftUIApiTests.framework */,
				7037A3FB1D31E97E3E5A7AEF /* Pods_swiftUIApiUnitTests.framework */,
			);
			name = Frameworks;
			sourceTree = "<group>";
		};
		94C075266B850C3040CCD560 /* Pods */ = {
			isa = PBXGroup;
			children = (
				568DD04CEE4B3D056975AB27 /* Pods-swiftUIApi.debug.xcconfig */,
				6F884DA23AEAD78251E1F357 /* Pods-swiftUIApi.release.xcconfig */,
				DA41D1DCD9859F4937556D06 /* Pods-swiftUIApi-swiftUIApiTests.debug.xcconfig */,
				F37CDC7D5FD0F84E2BD9FBEB /* Pods-swiftUIApi-swiftUIApiTests.release.xcconfig */,
				02D1D2B465EF2C15DC858A2C /* Pods-swiftUIApiUnitTests.debug.xcconfig */,
				AF657004F617DA4641DB263D /* Pods-swiftUIApiUnitTests.release.xcconfig */,
			);
			path = Pods;
			sourceTree = "<group>";
		};
/* End PBXGroup section */

/* Begin PBXNativeTarget section */
		17EA63462C1CA86300F181E6 /* swiftUIApi */ = {
			isa = PBXNativeTarget;
			buildConfigurationList = 17EA63552C1CA86500F181E6 /* Build configuration list for PBXNativeTarget "swiftUIApi" */;
			buildPhases = (
				B26544BFFCB3BE8F8BA26DCC /* [CP] Check Pods Manifest.lock */,
				17EA63432C1CA86300F181E6 /* Sources */,
				17EA63442C1CA86300F181E6 /* Frameworks */,
				17EA63452C1CA86300F181E6 /* Resources */,
				0A9793FC40740FBDF44ECF50 /* [CP] Embed Pods Frameworks */,
			);
			buildRules = (
			);
			dependencies = (
			);
			name = swiftUIApi;
			productName = swiftUIApi;
			productReference = 17EA63472C1CA86300F181E6 /* swiftUIApi.app */;
			productType = "com.apple.product-type.application";
		};
		17EA63AA2C1CBC9600F181E6 /* swiftUIApiTests */ = {
			isa = PBXNativeTarget;
			buildConfigurationList = 17EA63B32C1CBC9700F181E6 /* Build configuration list for PBXNativeTarget "swiftUIApiTests" */;
			buildPhases = (
				64BA90CCA6EB4911CBAA3EA5 /* [CP] Check Pods Manifest.lock */,
				17EA63A72C1CBC9600F181E6 /* Sources */,
				17EA63A82C1CBC9600F181E6 /* Frameworks */,
				17EA63A92C1CBC9600F181E6 /* Resources */,
				649112C924FE1A17702B1A81 /* [CP] Embed Pods Frameworks */,
			);
			buildRules = (
			);
			dependencies = (
				17EA63B22C1CBC9700F181E6 /* PBXTargetDependency */,
			);
			name = swiftUIApiTests;
			productName = swiftUIApiTests;
			productReference = 17EA63AB2C1CBC9600F181E6 /* swiftUIApiTests.xctest */;
			productType = "com.apple.product-type.bundle.ui-testing";
		};
		17EA63B92C1CBCAE00F181E6 /* swiftUIApiUnitTests */ = {
			isa = PBXNativeTarget;
			buildConfigurationList = 17EA63C02C1CBCAE00F181E6 /* Build configuration list for PBXNativeTarget "swiftUIApiUnitTests" */;
			buildPhases = (
				45B4CB75483FF197D821A5CD /* [CP] Check Pods Manifest.lock */,
				17EA63B62C1CBCAE00F181E6 /* Sources */,
				17EA63B72C1CBCAE00F181E6 /* Frameworks */,
				17EA63B82C1CBCAE00F181E6 /* Resources */,
			);
			buildRules = (
			);
			dependencies = (
				17EA63BF2C1CBCAE00F181E6 /* PBXTargetDependency */,
			);
			name = swiftUIApiUnitTests;
			productName = swiftUIApiUnitTests;
			productReference = 17EA63BA2C1CBCAE00F181E6 /* swiftUIApiUnitTests.xctest */;
			productType = "com.apple.product-type.bundle.unit-test";
		};
/* End PBXNativeTarget section */

/* Begin PBXProject section */
		17EA633F2C1CA86300F181E6 /* Project object */ = {
			isa = PBXProject;
			attributes = {
				BuildIndependentTargetsInParallel = 1;
				LastSwiftUpdateCheck = 1540;
				LastUpgradeCheck = 1540;
				TargetAttributes = {
					17EA63462C1CA86300F181E6 = {
						CreatedOnToolsVersion = 15.4;
					};
					17EA63AA2C1CBC9600F181E6 = {
						CreatedOnToolsVersion = 15.4;
						TestTargetID = 17EA63462C1CA86300F181E6;
					};
					17EA63B92C1CBCAE00F181E6 = {
						CreatedOnToolsVersion = 15.4;
						TestTargetID = 17EA63462C1CA86300F181E6;
					};
				};
			};
			buildConfigurationList = 17EA63422C1CA86300F181E6 /* Build configuration list for PBXProject "swiftUIApi" */;
			compatibilityVersion = "Xcode 14.0";
			developmentRegion = en;
			hasScannedForEncodings = 0;
			knownRegions = (
				en,
				Base,
			);
			mainGroup = 17EA633E2C1CA86300F181E6;
			productRefGroup = 17EA63482C1CA86300F181E6 /* Products */;
			projectDirPath = "";
			projectRoot = "";
			targets = (
				17EA63462C1CA86300F181E6 /* swiftUIApi */,
				17EA63AA2C1CBC9600F181E6 /* swiftUIApiTests */,
				17EA63B92C1CBCAE00F181E6 /* swiftUIApiUnitTests */,
			);
		};
/* End PBXProject section */

/* Begin PBXResourcesBuildPhase section */
		17EA63452C1CA86300F181E6 /* Resources */ = {
			isa = PBXResourcesBuildPhase;
			buildActionMask = 2147483647;
			files = (
				17EA63522C1CA86500F181E6 /* Preview Assets.xcassets in Resources */,
				17EA634F2C1CA86500F181E6 /* Assets.xcassets in Resources */,
			);
			runOnlyForDeploymentPostprocessing = 0;
		};
		17EA63A92C1CBC9600F181E6 /* Resources */ = {
			isa = PBXResourcesBuildPhase;
			buildActionMask = 2147483647;
			files = (
			);
			runOnlyForDeploymentPostprocessing = 0;
		};
		17EA63B82C1CBCAE00F181E6 /* Resources */ = {
			isa = PBXResourcesBuildPhase;
			buildActionMask = 2147483647;
			files = (
			);
			runOnlyForDeploymentPostprocessing = 0;
		};
/* End PBXResourcesBuildPhase section */

/* Begin PBXShellScriptBuildPhase section */
		0A9793FC40740FBDF44ECF50 /* [CP] Embed Pods Frameworks */ = {
			isa = PBXShellScriptBuildPhase;
			buildActionMask = 2147483647;
			files = (
			);
			inputFileListPaths = (
				"${PODS_ROOT}/Target Support Files/Pods-swiftUIApi/Pods-swiftUIApi-frameworks-${CONFIGURATION}-input-files.xcfilelist",
			);
			name = "[CP] Embed Pods Frameworks";
			outputFileListPaths = (
				"${PODS_ROOT}/Target Support Files/Pods-swiftUIApi/Pods-swiftUIApi-frameworks-${CONFIGURATION}-output-files.xcfilelist",
			);
			runOnlyForDeploymentPostprocessing = 0;
			shellPath = /bin/sh;
			shellScript = "\"${PODS_ROOT}/Target Support Files/Pods-swiftUIApi/Pods-swiftUIApi-frameworks.sh\"\n";
			showEnvVarsInLog = 0;
		};
		45B4CB75483FF197D821A5CD /* [CP] Check Pods Manifest.lock */ = {
			isa = PBXShellScriptBuildPhase;
			buildActionMask = 2147483647;
			files = (
			);
			inputFileListPaths = (
			);
			inputPaths = (
				"${PODS_PODFILE_DIR_PATH}/Podfile.lock",
				"${PODS_ROOT}/Manifest.lock",
			);
			name = "[CP] Check Pods Manifest.lock";
			outputFileListPaths = (
			);
			outputPaths = (
				"$(DERIVED_FILE_DIR)/Pods-swiftUIApiUnitTests-checkManifestLockResult.txt",
			);
			runOnlyForDeploymentPostprocessing = 0;
			shellPath = /bin/sh;
			shellScript = "diff \"${PODS_PODFILE_DIR_PATH}/Podfile.lock\" \"${PODS_ROOT}/Manifest.lock\" > /dev/null\nif [ $? != 0 ] ; then\n    # print error to STDERR\n    echo \"error: The sandbox is not in sync with the Podfile.lock. Run 'pod install' or update your CocoaPods installation.\" >&2\n    exit 1\nfi\n# This output is used by Xcode 'outputs' to avoid re-running this script phase.\necho \"SUCCESS\" > \"${SCRIPT_OUTPUT_FILE_0}\"\n";
			showEnvVarsInLog = 0;
		};
		649112C924FE1A17702B1A81 /* [CP] Embed Pods Frameworks */ = {
			isa = PBXShellScriptBuildPhase;
			buildActionMask = 2147483647;
			files = (
			);
			inputFileListPaths = (
				"${PODS_ROOT}/Target Support Files/Pods-swiftUIApi-swiftUIApiTests/Pods-swiftUIApi-swiftUIApiTests-frameworks-${CONFIGURATION}-input-files.xcfilelist",
			);
			name = "[CP] Embed Pods Frameworks";
			outputFileListPaths = (
				"${PODS_ROOT}/Target Support Files/Pods-swiftUIApi-swiftUIApiTests/Pods-swiftUIApi-swiftUIApiTests-frameworks-${CONFIGURATION}-output-files.xcfilelist",
			);
			runOnlyForDeploymentPostprocessing = 0;
			shellPath = /bin/sh;
			shellScript = "\"${PODS_ROOT}/Target Support Files/Pods-swiftUIApi-swiftUIApiTests/Pods-swiftUIApi-swiftUIApiTests-frameworks.sh\"\n";
			showEnvVarsInLog = 0;
		};
		64BA90CCA6EB4911CBAA3EA5 /* [CP] Check Pods Manifest.lock */ = {
			isa = PBXShellScriptBuildPhase;
			buildActionMask = 2147483647;
			files = (
			);
			inputFileListPaths = (
			);
			inputPaths = (
				"${PODS_PODFILE_DIR_PATH}/Podfile.lock",
				"${PODS_ROOT}/Manifest.lock",
			);
			name = "[CP] Check Pods Manifest.lock";
			outputFileListPaths = (
			);
			outputPaths = (
				"$(DERIVED_FILE_DIR)/Pods-swiftUIApi-swiftUIApiTests-checkManifestLockResult.txt",
			);
			runOnlyForDeploymentPostprocessing = 0;
			shellPath = /bin/sh;
			shellScript = "diff \"${PODS_PODFILE_DIR_PATH}/Podfile.lock\" \"${PODS_ROOT}/Manifest.lock\" > /dev/null\nif [ $? != 0 ] ; then\n    # print error to STDERR\n    echo \"error: The sandbox is not in sync with the Podfile.lock. Run 'pod install' or update your CocoaPods installation.\" >&2\n    exit 1\nfi\n# This output is used by Xcode 'outputs' to avoid re-running this script phase.\necho \"SUCCESS\" > \"${SCRIPT_OUTPUT_FILE_0}\"\n";
			showEnvVarsInLog = 0;
		};
		B26544BFFCB3BE8F8BA26DCC /* [CP] Check Pods Manifest.lock */ = {
			isa = PBXShellScriptBuildPhase;
			buildActionMask = 2147483647;
			files = (
			);
			inputFileListPaths = (
			);
			inputPaths = (
				"${PODS_PODFILE_DIR_PATH}/Podfile.lock",
				"${PODS_ROOT}/Manifest.lock",
			);
			name = "[CP] Check Pods Manifest.lock";
			outputFileListPaths = (
			);
			outputPaths = (
				"$(DERIVED_FILE_DIR)/Pods-swiftUIApi-checkManifestLockResult.txt",
			);
			runOnlyForDeploymentPostprocessing = 0;
			shellPath = /bin/sh;
			shellScript = "diff \"${PODS_PODFILE_DIR_PATH}/Podfile.lock\" \"${PODS_ROOT}/Manifest.lock\" > /dev/null\nif [ $? != 0 ] ; then\n    # print error to STDERR\n    echo \"error: The sandbox is not in sync with the Podfile.lock. Run 'pod install' or update your CocoaPods installation.\" >&2\n    exit 1\nfi\n# This output is used by Xcode 'outputs' to avoid re-running this script phase.\necho \"SUCCESS\" > \"${SCRIPT_OUTPUT_FILE_0}\"\n";
			showEnvVarsInLog = 0;
		};
/* End PBXShellScriptBuildPhase section */

/* Begin PBXSourcesBuildPhase section */
		17EA63432C1CA86300F181E6 /* Sources */ = {
			isa = PBXSourcesBuildPhase;
			buildActionMask = 2147483647;
			files = (
				17EA63632C1CAD1F00F181E6 /* PostViewModel.swift in Sources */,
				17EA634D2C1CA86300F181E6 /* ContentView.swift in Sources */,
				17EA63602C1CAC0500F181E6 /* PostModel.swift in Sources */,
				17EA634B2C1CA86300F181E6 /* swiftUIApiApp.swift in Sources */,
				17EA635D2C1CA92000F181E6 /* ApiService.swift in Sources */,
				17EA63C52C1CBEA700F181E6 /* ApiServiceProtocol.swift in Sources */,
				17EA635A2C1CA8EA00F181E6 /* NetworkErrors.swift in Sources */,
			);
			runOnlyForDeploymentPostprocessing = 0;
		};
		17EA63A72C1CBC9600F181E6 /* Sources */ = {
			isa = PBXSourcesBuildPhase;
			buildActionMask = 2147483647;
			files = (
				17EA63B02C1CBC9700F181E6 /* swiftUIApiTestsLaunchTests.swift in Sources */,
				17EA63AE2C1CBC9700F181E6 /* swiftUIApiTests.swift in Sources */,
			);
			runOnlyForDeploymentPostprocessing = 0;
		};
		17EA63B62C1CBCAE00F181E6 /* Sources */ = {
			isa = PBXSourcesBuildPhase;
			buildActionMask = 2147483647;
			files = (
				17EA63CE2C1CC22A00F181E6 /* PostViewModelTests.swift in Sources */,
				17EA63CC2C1CC05300F181E6 /* PostViewModel.swift in Sources */,
				17EA63C82C1CBF3900F181E6 /* MockApiService.swift in Sources */,
				17EA63CB2C1CBFFB00F181E6 /* PostModel.swift in Sources */,
				17EA63BD2C1CBCAE00F181E6 /* swiftUIApiUnitTests.swift in Sources */,
				F68AAE0A2C1D0569002DDAD2 /* NetworkErrors.swift in Sources */,
				F68AAE092C1D054E002DDAD2 /* ApiService.swift in Sources */,
				17EA63C92C1CBF5900F181E6 /* ApiServiceProtocol.swift in Sources */,
			);
			runOnlyForDeploymentPostprocessing = 0;
		};
/* End PBXSourcesBuildPhase section */

/* Begin PBXTargetDependency section */
		17EA63B22C1CBC9700F181E6 /* PBXTargetDependency */ = {
			isa = PBXTargetDependency;
			target = 17EA63462C1CA86300F181E6 /* swiftUIApi */;
			targetProxy = 17EA63B12C1CBC9700F181E6 /* PBXContainerItemProxy */;
		};
		17EA63BF2C1CBCAE00F181E6 /* PBXTargetDependency */ = {
			isa = PBXTargetDependency;
			target = 17EA63462C1CA86300F181E6 /* swiftUIApi */;
			targetProxy = 17EA63BE2C1CBCAE00F181E6 /* PBXContainerItemProxy */;
		};
/* End PBXTargetDependency section */

/* Begin XCBuildConfiguration section */
		17EA63532C1CA86500F181E6 /* Debug */ = {
			isa = XCBuildConfiguration;
			buildSettings = {
				ALWAYS_SEARCH_USER_PATHS = NO;
				ASSETCATALOG_COMPILER_GENERATE_SWIFT_ASSET_SYMBOL_EXTENSIONS = YES;
				CLANG_ANALYZER_NONNULL = YES;
				CLANG_ANALYZER_NUMBER_OBJECT_CONVERSION = YES_AGGRESSIVE;
				CLANG_CXX_LANGUAGE_STANDARD = "gnu++20";
				CLANG_ENABLE_MODULES = YES;
				CLANG_ENABLE_OBJC_ARC = YES;
				CLANG_ENABLE_OBJC_WEAK = YES;
				CLANG_WARN_BLOCK_CAPTURE_AUTORELEASING = YES;
				CLANG_WARN_BOOL_CONVERSION = YES;
				CLANG_WARN_COMMA = YES;
				CLANG_WARN_CONSTANT_CONVERSION = YES;
				CLANG_WARN_DEPRECATED_OBJC_IMPLEMENTATIONS = YES;
				CLANG_WARN_DIRECT_OBJC_ISA_USAGE = YES_ERROR;
				CLANG_WARN_DOCUMENTATION_COMMENTS = YES;
				CLANG_WARN_EMPTY_BODY = YES;
				CLANG_WARN_ENUM_CONVERSION = YES;
				CLANG_WARN_INFINITE_RECURSION = YES;
				CLANG_WARN_INT_CONVERSION = YES;
				CLANG_WARN_NON_LITERAL_NULL_CONVERSION = YES;
				CLANG_WARN_OBJC_IMPLICIT_RETAIN_SELF = YES;
				CLANG_WARN_OBJC_LITERAL_CONVERSION = YES;
				CLANG_WARN_OBJC_ROOT_CLASS = YES_ERROR;
				CLANG_WARN_QUOTED_INCLUDE_IN_FRAMEWORK_HEADER = YES;
				CLANG_WARN_RANGE_LOOP_ANALYSIS = YES;
				CLANG_WARN_STRICT_PROTOTYPES = YES;
				CLANG_WARN_SUSPICIOUS_MOVE = YES;
				CLANG_WARN_UNGUARDED_AVAILABILITY = YES_AGGRESSIVE;
				CLANG_WARN_UNREACHABLE_CODE = YES;
				CLANG_WARN__DUPLICATE_METHOD_MATCH = YES;
				COPY_PHASE_STRIP = NO;
				DEBUG_INFORMATION_FORMAT = dwarf;
				ENABLE_STRICT_OBJC_MSGSEND = YES;
				ENABLE_TESTABILITY = YES;
				ENABLE_USER_SCRIPT_SANDBOXING = NO;
				GCC_C_LANGUAGE_STANDARD = gnu17;
				GCC_DYNAMIC_NO_PIC = NO;
				GCC_NO_COMMON_BLOCKS = YES;
				GCC_OPTIMIZATION_LEVEL = 0;
				GCC_PREPROCESSOR_DEFINITIONS = (
					"DEBUG=1",
					"$(inherited)",
				);
				GCC_WARN_64_TO_32_BIT_CONVERSION = YES;
				GCC_WARN_ABOUT_RETURN_TYPE = YES_ERROR;
				GCC_WARN_UNDECLARED_SELECTOR = YES;
				GCC_WARN_UNINITIALIZED_AUTOS = YES_AGGRESSIVE;
				GCC_WARN_UNUSED_FUNCTION = YES;
				GCC_WARN_UNUSED_VARIABLE = YES;
				IPHONEOS_DEPLOYMENT_TARGET = 17.5;
				LOCALIZATION_PREFERS_STRING_CATALOGS = YES;
				MTL_ENABLE_DEBUG_INFO = INCLUDE_SOURCE;
				MTL_FAST_MATH = YES;
				ONLY_ACTIVE_ARCH = YES;
				SDKROOT = iphoneos;
				SWIFT_ACTIVE_COMPILATION_CONDITIONS = "DEBUG $(inherited)";
				SWIFT_OPTIMIZATION_LEVEL = "-Onone";
			};
			name = Debug;
		};
		17EA63542C1CA86500F181E6 /* Release */ = {
			isa = XCBuildConfiguration;
			buildSettings = {
				ALWAYS_SEARCH_USER_PATHS = NO;
				ASSETCATALOG_COMPILER_GENERATE_SWIFT_ASSET_SYMBOL_EXTENSIONS = YES;
				CLANG_ANALYZER_NONNULL = YES;
				CLANG_ANALYZER_NUMBER_OBJECT_CONVERSION = YES_AGGRESSIVE;
				CLANG_CXX_LANGUAGE_STANDARD = "gnu++20";
				CLANG_ENABLE_MODULES = YES;
				CLANG_ENABLE_OBJC_ARC = YES;
				CLANG_ENABLE_OBJC_WEAK = YES;
				CLANG_WARN_BLOCK_CAPTURE_AUTORELEASING = YES;
				CLANG_WARN_BOOL_CONVERSION = YES;
				CLANG_WARN_COMMA = YES;
				CLANG_WARN_CONSTANT_CONVERSION = YES;
				CLANG_WARN_DEPRECATED_OBJC_IMPLEMENTATIONS = YES;
				CLANG_WARN_DIRECT_OBJC_ISA_USAGE = YES_ERROR;
				CLANG_WARN_DOCUMENTATION_COMMENTS = YES;
				CLANG_WARN_EMPTY_BODY = YES;
				CLANG_WARN_ENUM_CONVERSION = YES;
				CLANG_WARN_INFINITE_RECURSION = YES;
				CLANG_WARN_INT_CONVERSION = YES;
				CLANG_WARN_NON_LITERAL_NULL_CONVERSION = YES;
				CLANG_WARN_OBJC_IMPLICIT_RETAIN_SELF = YES;
				CLANG_WARN_OBJC_LITERAL_CONVERSION = YES;
				CLANG_WARN_OBJC_ROOT_CLASS = YES_ERROR;
				CLANG_WARN_QUOTED_INCLUDE_IN_FRAMEWORK_HEADER = YES;
				CLANG_WARN_RANGE_LOOP_ANALYSIS = YES;
				CLANG_WARN_STRICT_PROTOTYPES = YES;
				CLANG_WARN_SUSPICIOUS_MOVE = YES;
				CLANG_WARN_UNGUARDED_AVAILABILITY = YES_AGGRESSIVE;
				CLANG_WARN_UNREACHABLE_CODE = YES;
				CLANG_WARN__DUPLICATE_METHOD_MATCH = YES;
				COPY_PHASE_STRIP = NO;
				DEBUG_INFORMATION_FORMAT = "dwarf-with-dsym";
				ENABLE_NS_ASSERTIONS = NO;
				ENABLE_STRICT_OBJC_MSGSEND = YES;
				ENABLE_USER_SCRIPT_SANDBOXING = NO;
				GCC_C_LANGUAGE_STANDARD = gnu17;
				GCC_NO_COMMON_BLOCKS = YES;
				GCC_WARN_64_TO_32_BIT_CONVERSION = YES;
				GCC_WARN_ABOUT_RETURN_TYPE = YES_ERROR;
				GCC_WARN_UNDECLARED_SELECTOR = YES;
				GCC_WARN_UNINITIALIZED_AUTOS = YES_AGGRESSIVE;
				GCC_WARN_UNUSED_FUNCTION = YES;
				GCC_WARN_UNUSED_VARIABLE = YES;
				IPHONEOS_DEPLOYMENT_TARGET = 17.5;
				LOCALIZATION_PREFERS_STRING_CATALOGS = YES;
				MTL_ENABLE_DEBUG_INFO = NO;
				MTL_FAST_MATH = YES;
				SDKROOT = iphoneos;
				SWIFT_COMPILATION_MODE = wholemodule;
				VALIDATE_PRODUCT = YES;
			};
			name = Release;
		};
		17EA63562C1CA86500F181E6 /* Debug */ = {
			isa = XCBuildConfiguration;
			baseConfigurationReference = 568DD04CEE4B3D056975AB27 /* Pods-swiftUIApi.debug.xcconfig */;
			buildSettings = {
				ASSETCATALOG_COMPILER_APPICON_NAME = AppIcon;
				ASSETCATALOG_COMPILER_GLOBAL_ACCENT_COLOR_NAME = AccentColor;
				CODE_SIGN_STYLE = Automatic;
				CURRENT_PROJECT_VERSION = 1;
				DEVELOPMENT_ASSET_PATHS = "\"swiftUIApi/Preview Content\"";
				DEVELOPMENT_TEAM = 2NFD5PY7N5;
				ENABLE_PREVIEWS = YES;
				ENABLE_USER_SCRIPT_SANDBOXING = NO;
				GENERATE_INFOPLIST_FILE = YES;
				INFOPLIST_KEY_UIApplicationSceneManifest_Generation = YES;
				INFOPLIST_KEY_UIApplicationSupportsIndirectInputEvents = YES;
				INFOPLIST_KEY_UILaunchScreen_Generation = YES;
				INFOPLIST_KEY_UISupportedInterfaceOrientations_iPad = "UIInterfaceOrientationPortrait UIInterfaceOrientationPortraitUpsideDown UIInterfaceOrientationLandscapeLeft UIInterfaceOrientationLandscapeRight";
				INFOPLIST_KEY_UISupportedInterfaceOrientations_iPhone = "UIInterfaceOrientationPortrait UIInterfaceOrientationLandscapeLeft UIInterfaceOrientationLandscapeRight";
				LD_RUNPATH_SEARCH_PATHS = (
					"$(inherited)",
					"@executable_path/Frameworks",
				);
				MARKETING_VERSION = 1.0;
				PRODUCT_BUNDLE_IDENTIFIER = com.rodrigocode.swiftUIApi;
				PRODUCT_NAME = "$(TARGET_NAME)";
				SWIFT_EMIT_LOC_STRINGS = YES;
				SWIFT_VERSION = 5.0;
				TARGETED_DEVICE_FAMILY = "1,2";
			};
			name = Debug;
		};
		17EA63572C1CA86500F181E6 /* Release */ = {
			isa = XCBuildConfiguration;
			baseConfigurationReference = 6F884DA23AEAD78251E1F357 /* Pods-swiftUIApi.release.xcconfig */;
			buildSettings = {
				ASSETCATALOG_COMPILER_APPICON_NAME = AppIcon;
				ASSETCATALOG_COMPILER_GLOBAL_ACCENT_COLOR_NAME = AccentColor;
				CODE_SIGN_STYLE = Automatic;
				CURRENT_PROJECT_VERSION = 1;
				DEVELOPMENT_ASSET_PATHS = "\"swiftUIApi/Preview Content\"";
				DEVELOPMENT_TEAM = 2NFD5PY7N5;
				ENABLE_PREVIEWS = YES;
				ENABLE_USER_SCRIPT_SANDBOXING = NO;
				GENERATE_INFOPLIST_FILE = YES;
				INFOPLIST_KEY_UIApplicationSceneManifest_Generation = YES;
				INFOPLIST_KEY_UIApplicationSupportsIndirectInputEvents = YES;
				INFOPLIST_KEY_UILaunchScreen_Generation = YES;
				INFOPLIST_KEY_UISupportedInterfaceOrientations_iPad = "UIInterfaceOrientationPortrait UIInterfaceOrientationPortraitUpsideDown UIInterfaceOrientationLandscapeLeft UIInterfaceOrientationLandscapeRight";
				INFOPLIST_KEY_UISupportedInterfaceOrientations_iPhone = "UIInterfaceOrientationPortrait UIInterfaceOrientationLandscapeLeft UIInterfaceOrientationLandscapeRight";
				LD_RUNPATH_SEARCH_PATHS = (
					"$(inherited)",
					"@executable_path/Frameworks",
				);
				MARKETING_VERSION = 1.0;
				PRODUCT_BUNDLE_IDENTIFIER = com.rodrigocode.swiftUIApi;
				PRODUCT_NAME = "$(TARGET_NAME)";
				SWIFT_EMIT_LOC_STRINGS = YES;
				SWIFT_VERSION = 5.0;
				TARGETED_DEVICE_FAMILY = "1,2";
			};
			name = Release;
		};
		17EA63B42C1CBC9700F181E6 /* Debug */ = {
			isa = XCBuildConfiguration;
			baseConfigurationReference = DA41D1DCD9859F4937556D06 /* Pods-swiftUIApi-swiftUIApiTests.debug.xcconfig */;
			buildSettings = {
				CODE_SIGN_STYLE = Automatic;
				CURRENT_PROJECT_VERSION = 1;
				DEVELOPMENT_TEAM = 2NFD5PY7N5;
				ENABLE_USER_SCRIPT_SANDBOXING = NO;
				GENERATE_INFOPLIST_FILE = YES;
				MARKETING_VERSION = 1.0;
				PRODUCT_BUNDLE_IDENTIFIER = com.rodrigocode.swiftUIApiTests;
				PRODUCT_NAME = "$(TARGET_NAME)";
				SWIFT_EMIT_LOC_STRINGS = NO;
				SWIFT_VERSION = 5.0;
				TARGETED_DEVICE_FAMILY = "1,2";
				TEST_TARGET_NAME = swiftUIApi;
			};
			name = Debug;
		};
		17EA63B52C1CBC9700F181E6 /* Release */ = {
			isa = XCBuildConfiguration;
			baseConfigurationReference = F37CDC7D5FD0F84E2BD9FBEB /* Pods-swiftUIApi-swiftUIApiTests.release.xcconfig */;
			buildSettings = {
				CODE_SIGN_STYLE = Automatic;
				CURRENT_PROJECT_VERSION = 1;
				DEVELOPMENT_TEAM = 2NFD5PY7N5;
				ENABLE_USER_SCRIPT_SANDBOXING = NO;
				GENERATE_INFOPLIST_FILE = YES;
				MARKETING_VERSION = 1.0;
				PRODUCT_BUNDLE_IDENTIFIER = com.rodrigocode.swiftUIApiTests;
				PRODUCT_NAME = "$(TARGET_NAME)";
				SWIFT_EMIT_LOC_STRINGS = NO;
				SWIFT_VERSION = 5.0;
				TARGETED_DEVICE_FAMILY = "1,2";
				TEST_TARGET_NAME = swiftUIApi;
			};
			name = Release;
		};
		17EA63C12C1CBCAE00F181E6 /* Debug */ = {
			isa = XCBuildConfiguration;
			baseConfigurationReference = 02D1D2B465EF2C15DC858A2C /* Pods-swiftUIApiUnitTests.debug.xcconfig */;
			buildSettings = {
				BUNDLE_LOADER = "$(TEST_HOST)";
				CODE_SIGN_STYLE = Automatic;
				CURRENT_PROJECT_VERSION = 1;
				DEVELOPMENT_TEAM = 2NFD5PY7N5;
				ENABLE_USER_SCRIPT_SANDBOXING = NO;
				GENERATE_INFOPLIST_FILE = YES;
				MARKETING_VERSION = 1.0;
				PRODUCT_BUNDLE_IDENTIFIER = com.rodrigocode.swiftUIApiUnitTests;
				PRODUCT_NAME = "$(TARGET_NAME)";
				SWIFT_EMIT_LOC_STRINGS = NO;
				SWIFT_VERSION = 5.0;
				TARGETED_DEVICE_FAMILY = "1,2";
				TEST_HOST = "$(BUILT_PRODUCTS_DIR)/swiftUIApi.app/$(BUNDLE_EXECUTABLE_FOLDER_PATH)/swiftUIApi";
			};
			name = Debug;
		};
		17EA63C22C1CBCAE00F181E6 /* Release */ = {
			isa = XCBuildConfiguration;
			baseConfigurationReference = AF657004F617DA4641DB263D /* Pods-swiftUIApiUnitTests.release.xcconfig */;
			buildSettings = {
				BUNDLE_LOADER = "$(TEST_HOST)";
				CODE_SIGN_STYLE = Automatic;
				CURRENT_PROJECT_VERSION = 1;
				DEVELOPMENT_TEAM = 2NFD5PY7N5;
				ENABLE_USER_SCRIPT_SANDBOXING = NO;
				GENERATE_INFOPLIST_FILE = YES;
				MARKETING_VERSION = 1.0;
				PRODUCT_BUNDLE_IDENTIFIER = com.rodrigocode.swiftUIApiUnitTests;
				PRODUCT_NAME = "$(TARGET_NAME)";
				SWIFT_EMIT_LOC_STRINGS = NO;
				SWIFT_VERSION = 5.0;
				TARGETED_DEVICE_FAMILY = "1,2";
				TEST_HOST = "$(BUILT_PRODUCTS_DIR)/swiftUIApi.app/$(BUNDLE_EXECUTABLE_FOLDER_PATH)/swiftUIApi";
			};
			name = Release;
		};
/* End XCBuildConfiguration section */

/* Begin XCConfigurationList section */
		17EA63422C1CA86300F181E6 /* Build configuration list for PBXProject "swiftUIApi" */ = {
			isa = XCConfigurationList;
			buildConfigurations = (
				17EA63532C1CA86500F181E6 /* Debug */,
				17EA63542C1CA86500F181E6 /* Release */,
			);
			defaultConfigurationIsVisible = 0;
			defaultConfigurationName = Release;
		};
		17EA63552C1CA86500F181E6 /* Build configuration list for PBXNativeTarget "swiftUIApi" */ = {
			isa = XCConfigurationList;
			buildConfigurations = (
				17EA63562C1CA86500F181E6 /* Debug */,
				17EA63572C1CA86500F181E6 /* Release */,
			);
			defaultConfigurationIsVisible = 0;
			defaultConfigurationName = Release;
		};
		17EA63B32C1CBC9700F181E6 /* Build configuration list for PBXNativeTarget "swiftUIApiTests" */ = {
			isa = XCConfigurationList;
			buildConfigurations = (
				17EA63B42C1CBC9700F181E6 /* Debug */,
				17EA63B52C1CBC9700F181E6 /* Release */,
			);
			defaultConfigurationIsVisible = 0;
			defaultConfigurationName = Release;
		};
		17EA63C02C1CBCAE00F181E6 /* Build configuration list for PBXNativeTarget "swiftUIApiUnitTests" */ = {
			isa = XCConfigurationList;
			buildConfigurations = (
				17EA63C12C1CBCAE00F181E6 /* Debug */,
				17EA63C22C1CBCAE00F181E6 /* Release */,
			);
			defaultConfigurationIsVisible = 0;
			defaultConfigurationName = Release;
		};
/* End XCConfigurationList section */
	};
	rootObject = 17EA633F2C1CA86300F181E6 /* Project object */;
}
